schema: '2.0'
stages:
  prepare:
    cmd: python src/create_features_w_params.py
    deps:
    - path: data/adult.data
      hash: md5
      md5: 5d7c39d7b8804f071cdd1f2a7c460872
      size: 3974305
    - path: data/adult.test
      hash: md5
      md5: 366c746021dc50ad9d933d2817612fc9
      size: 2003132
    - path: src/create_features.py
      hash: md5
      md5: b93aea27ba45f8b24bdd52928f1f2b99
      size: 2564
    params:
      params.yaml:
        features.chi2percentile: 50
        features.test_path: data/adult.test
        features.train_path: data/adult.data
    outs:
    - path: data/pipeline.pkl
      hash: md5
      md5: e090077a007ea4ffe84c5e0fade6e4b9
      size: 6044
    - path: data/processed_test_data.csv
      hash: md5
      md5: a59c8daac38fe1ca84dda2b458ee762a
      size: 5409602
    - path: data/processed_train_data.csv
      hash: md5
      md5: adf63b6ce20f7ee74f63d5dabb325226
      size: 10829967
  preprocess:
    cmd: python src/preprocessing.py
    deps:
    - path: data/bagpack/train.csv
      hash: md5
      md5: 9468e19897ea2df29d47b2ce2b5a2bca
      size: 23755468
    - path: src/preprocessing.py
      hash: md5
      md5: e2ab52b8cb5a122d6bc16ae09d4b1952
      size: 903
    outs:
    - path: data/preprocessor.pkl
      hash: md5
      md5: 025aa494abd58f14e211c6c398848b24
      size: 1148
    - path: data/processed_test_data.csv
      hash: md5
      md5: 9106bfd0ac5c7133f71210430b842ba3
      size: 4199009
    - path: data/processed_train_data.csv
      hash: md5
      md5: 0f2c15c10f89f4b918b39bd655bcee6d
      size: 37792336
